
Microsoft Visual Studio Solution File, Format Version 12.00
# Visual Studio 15
VisualStudioVersion = 15.0.27428.2037
MinimumVisualStudioVersion = 10.0.40219.1
Project("{00D1A9C2-B5F0-4AF3-8072-F6C62B433612}") = "Database2", "Database2\Database2.sqlproj", "{95C698A1-C433-46E9-99B8-74325BD823F6}"
EndProject
Global
	GlobalSection(SolutionConfigurationPlatforms) = preSolution
		Debug|Any CPU = Debug|Any CPU
		Release|Any CPU = Release|Any CPU
	EndGlobalSection
	GlobalSection(ProjectConfigurationPlatforms) = postSolution
		{95C698A1-C433-46E9-99B8-74325BD823F6}.Debug|Any CPU.ActiveCfg = Debug|Any CPU
		{95C698A1-C433-46E9-99B8-74325BD823F6}.Debug|Any CPU.Build.0 = Debug|Any CPU
		{95C698A1-C433-46E9-99B8-74325BD823F6}.Debug|Any CPU.Deploy.0 = Debug|Any CPU
		{95C698A1-C433-46E9-99B8-74325BD823F6}.Release|Any CPU.ActiveCfg = Release|Any CPU
		{95C698A1-C433-46E9-99B8-74325BD823F6}.Release|Any CPU.Build.0 = Release|Any CPU
		{95C698A1-C433-46E9-99B8-74325BD823F6}.Release|Any CPU.Deploy.0 = Release|Any CPU
	EndGlobalSection
	GlobalSection(SolutionProperties) = preSolution
		HideSolutionNode = FALSE
	EndGlobalSection
	GlobalSection(ExtensibilityGlobals) = postSolution
		SolutionGuid = {3925E691-B2AE-47F7-B483-3D4BB50AE391}
	EndGlobalSection
EndGlobal
